
Microsoft Visual Studio Solution File, Format Version 12.00
Project("{FAE04EC0-301F-11D3-BF4B-00C04F79EFBC}") = "CSVFileDetailsExtractor", "CSVFileDetailsExtractor\CSVFileDetailsExtractor.csproj", "{88C94CF8-BA6A-4AD3-9D26-9F443FC1E4E7}"
EndProject
Global
	GlobalSection(SolutionConfigurationPlatforms) = preSolution
		Debug|Any CPU = Debug|Any CPU
		Release|Any CPU = Release|Any CPU
	EndGlobalSection
	GlobalSection(ProjectConfigurationPlatforms) = postSolution
		{88C94CF8-BA6A-4AD3-9D26-9F443FC1E4E7}.Debug|Any CPU.ActiveCfg = Debug|Any CPU
		{88C94CF8-BA6A-4AD3-9D26-9F443FC1E4E7}.Debug|Any CPU.Build.0 = Debug|Any CPU
		{88C94CF8-BA6A-4AD3-9D26-9F443FC1E4E7}.Release|Any CPU.ActiveCfg = Release|Any CPU
		{88C94CF8-BA6A-4AD3-9D26-9F443FC1E4E7}.Release|Any CPU.Build.0 = Release|Any CPU
	EndGlobalSection
EndGlobal
